
Microsoft Visual Studio Solution File, Format Version 12.00
# Visual Studio Version 16
VisualStudioVersion = 16.0.31515.178
MinimumVisualStudioVersion = 10.0.40219.1
Project("{FAE04EC0-301F-11D3-BF4B-00C04F79EFBC}") = "AdonetDemo", "AdonetDemo\AdonetDemo.csproj", "{BF6D6F0B-2B93-4D21-8E8D-95C5D09E318C}"
EndProject
Project("{FAE04EC0-301F-11D3-BF4B-00C04F79EFBC}") = "EntityFremeworkDemo", "EntityFremeworkDemo\EntityFremeworkDemo.csproj", "{C25A6264-BA1C-4F11-9D66-02379996CDEB}"
EndProject
Project("{FAE04EC0-301F-11D3-BF4B-00C04F79EFBC}") = "Generics", "Generics\Generics.csproj", "{58EDDF4E-3F0F-4E1B-81B3-6E907BA0A355}"
EndProject
Global
	GlobalSection(SolutionConfigurationPlatforms) = preSolution
		Debug|Any CPU = Debug|Any CPU
		Release|Any CPU = Release|Any CPU
	EndGlobalSection
	GlobalSection(ProjectConfigurationPlatforms) = postSolution
		{BF6D6F0B-2B93-4D21-8E8D-95C5D09E318C}.Debug|Any CPU.ActiveCfg = Debug|Any CPU
		{BF6D6F0B-2B93-4D21-8E8D-95C5D09E318C}.Debug|Any CPU.Build.0 = Debug|Any CPU
		{BF6D6F0B-2B93-4D21-8E8D-95C5D09E318C}.Release|Any CPU.ActiveCfg = Release|Any CPU
		{BF6D6F0B-2B93-4D21-8E8D-95C5D09E318C}.Release|Any CPU.Build.0 = Release|Any CPU
		{C25A6264-BA1C-4F11-9D66-02379996CDEB}.Debug|Any CPU.ActiveCfg = Debug|Any CPU
		{C25A6264-BA1C-4F11-9D66-02379996CDEB}.Debug|Any CPU.Build.0 = Debug|Any CPU
		{C25A6264-BA1C-4F11-9D66-02379996CDEB}.Release|Any CPU.ActiveCfg = Release|Any CPU
		{C25A6264-BA1C-4F11-9D66-02379996CDEB}.Release|Any CPU.Build.0 = Release|Any CPU
		{58EDDF4E-3F0F-4E1B-81B3-6E907BA0A355}.Debug|Any CPU.ActiveCfg = Debug|Any CPU
		{58EDDF4E-3F0F-4E1B-81B3-6E907BA0A355}.Debug|Any CPU.Build.0 = Debug|Any CPU
		{58EDDF4E-3F0F-4E1B-81B3-6E907BA0A355}.Release|Any CPU.ActiveCfg = Release|Any CPU
		{58EDDF4E-3F0F-4E1B-81B3-6E907BA0A355}.Release|Any CPU.Build.0 = Release|Any CPU
	EndGlobalSection
	GlobalSection(SolutionProperties) = preSolution
		HideSolutionNode = FALSE
	EndGlobalSection
	GlobalSection(ExtensibilityGlobals) = postSolution
		SolutionGuid = {356232D6-1616-4350-A38E-F89072AC7F91}
	EndGlobalSection
EndGlobal
